
Microsoft Visual Studio Solution File, Format Version 12.00
# Visual Studio Version 17
VisualStudioVersion = 17.11.35312.102
MinimumVisualStudioVersion = 10.0.40219.1
Project("{FAE04EC0-301F-11D3-BF4B-00C04F79EFBC}") = "homework", "homework\homework.csproj", "{79403DAC-3F88-4B6A-AD5F-AD8EB62AAC9D}"
EndProject
Global
	GlobalSection(SolutionConfigurationPlatforms) = preSolution
		Debug|Any CPU = Debug|Any CPU
		Release|Any CPU = Release|Any CPU
	EndGlobalSection
	GlobalSection(ProjectConfigurationPlatforms) = postSolution
		{79403DAC-3F88-4B6A-AD5F-AD8EB62AAC9D}.Debug|Any CPU.ActiveCfg = Debug|Any CPU
		{79403DAC-3F88-4B6A-AD5F-AD8EB62AAC9D}.Debug|Any CPU.Build.0 = Debug|Any CPU
		{79403DAC-3F88-4B6A-AD5F-AD8EB62AAC9D}.Release|Any CPU.ActiveCfg = Release|Any CPU
		{79403DAC-3F88-4B6A-AD5F-AD8EB62AAC9D}.Release|Any CPU.Build.0 = Release|Any CPU
	EndGlobalSection
	GlobalSection(SolutionProperties) = preSolution
		HideSolutionNode = FALSE
	EndGlobalSection
	GlobalSection(ExtensibilityGlobals) = postSolution
		SolutionGuid = {0DE521E6-1429-4F18-BB0C-E09C54E5B2CD}
	EndGlobalSection
EndGlobal
