
Microsoft Visual Studio Solution File, Format Version 12.00
# Visual Studio Version 17
VisualStudioVersion = 17.11.35312.102
MinimumVisualStudioVersion = 10.0.40219.1
Project("{FAE04EC0-301F-11D3-BF4B-00C04F79EFBC}") = "homework3", "homework3\homework3.csproj", "{5093E0FD-F8DF-47C4-A503-7F5DB3B9E718}"
EndProject
Global
	GlobalSection(SolutionConfigurationPlatforms) = preSolution
		Debug|Any CPU = Debug|Any CPU
		Release|Any CPU = Release|Any CPU
	EndGlobalSection
	GlobalSection(ProjectConfigurationPlatforms) = postSolution
		{5093E0FD-F8DF-47C4-A503-7F5DB3B9E718}.Debug|Any CPU.ActiveCfg = Debug|Any CPU
		{5093E0FD-F8DF-47C4-A503-7F5DB3B9E718}.Debug|Any CPU.Build.0 = Debug|Any CPU
		{5093E0FD-F8DF-47C4-A503-7F5DB3B9E718}.Release|Any CPU.ActiveCfg = Release|Any CPU
		{5093E0FD-F8DF-47C4-A503-7F5DB3B9E718}.Release|Any CPU.Build.0 = Release|Any CPU
	EndGlobalSection
	GlobalSection(SolutionProperties) = preSolution
		HideSolutionNode = FALSE
	EndGlobalSection
	GlobalSection(ExtensibilityGlobals) = postSolution
		SolutionGuid = {6DE564D6-CC01-4BDF-ADFD-B1321EAF842F}
	EndGlobalSection
EndGlobal
