
Microsoft Visual Studio Solution File, Format Version 12.00
# Visual Studio Version 17
VisualStudioVersion = 17.11.35312.102
MinimumVisualStudioVersion = 10.0.40219.1
Project("{FAE04EC0-301F-11D3-BF4B-00C04F79EFBC}") = "practice", "practice\practice.csproj", "{D46BB64D-CF46-4E63-813A-A49ADBA0F598}"
EndProject
Global
	GlobalSection(SolutionConfigurationPlatforms) = preSolution
		Debug|Any CPU = Debug|Any CPU
		Release|Any CPU = Release|Any CPU
	EndGlobalSection
	GlobalSection(ProjectConfigurationPlatforms) = postSolution
		{D46BB64D-CF46-4E63-813A-A49ADBA0F598}.Debug|Any CPU.ActiveCfg = Debug|Any CPU
		{D46BB64D-CF46-4E63-813A-A49ADBA0F598}.Debug|Any CPU.Build.0 = Debug|Any CPU
		{D46BB64D-CF46-4E63-813A-A49ADBA0F598}.Release|Any CPU.ActiveCfg = Release|Any CPU
		{D46BB64D-CF46-4E63-813A-A49ADBA0F598}.Release|Any CPU.Build.0 = Release|Any CPU
	EndGlobalSection
	GlobalSection(SolutionProperties) = preSolution
		HideSolutionNode = FALSE
	EndGlobalSection
	GlobalSection(ExtensibilityGlobals) = postSolution
		SolutionGuid = {1B629EA2-5451-409C-A2F4-D2F0EC3B86E9}
	EndGlobalSection
EndGlobal
